
Microsoft Visual Studio Solution File, Format Version 12.00
# Visual Studio Version 16
VisualStudioVersion = 16.0.29424.173
MinimumVisualStudioVersion = 10.0.40219.1
Project("{FAE04EC0-301F-11D3-BF4B-00C04F79EFBC}") = "Project", "Project\Project.csproj", "{51937ED1-8FF9-4667-ABAF-ABE19649781C}"
EndProject
Global
	GlobalSection(SolutionConfigurationPlatforms) = preSolution
		Debug|Any CPU = Debug|Any CPU
		Release|Any CPU = Release|Any CPU
	EndGlobalSection
	GlobalSection(ProjectConfigurationPlatforms) = postSolution
		{51937ED1-8FF9-4667-ABAF-ABE19649781C}.Debug|Any CPU.ActiveCfg = Debug|Any CPU
		{51937ED1-8FF9-4667-ABAF-ABE19649781C}.Debug|Any CPU.Build.0 = Debug|Any CPU
		{51937ED1-8FF9-4667-ABAF-ABE19649781C}.Release|Any CPU.ActiveCfg = Release|Any CPU
		{51937ED1-8FF9-4667-ABAF-ABE19649781C}.Release|Any CPU.Build.0 = Release|Any CPU
	EndGlobalSection
	GlobalSection(SolutionProperties) = preSolution
		HideSolutionNode = FALSE
	EndGlobalSection
	GlobalSection(ExtensibilityGlobals) = postSolution
		SolutionGuid = {DE39C02A-56C7-4554-8E15-6261CF5D2D91}
	EndGlobalSection
EndGlobal
